
Microsoft Visual Studio Solution File, Format Version 12.00
# Visual Studio Version 17
VisualStudioVersion = 17.9.34728.123
MinimumVisualStudioVersion = 10.0.40219.1
Project("{9A19103F-16F7-4668-BE54-9A1E7A4F7556}") = "IdentityAPI", "..\..\..\Downloads\SocialBookWebApp-master\SocialBookWebApp-master\IdentityAPI\IdentityAPI.csproj", "{87A92613-0071-4EE6-B1ED-F5A0EAE9B79F}"
EndProject
Project("{9A19103F-16F7-4668-BE54-9A1E7A4F7556}") = "SocialBook", "..\..\..\Downloads\SocialBookWebApp-master\SocialBookWebApp-master\SocialBook\SocialBook.csproj", "{D9E0DE87-9F32-4886-83BB-711F2D0D0C94}"
EndProject
Project("{9A19103F-16F7-4668-BE54-9A1E7A4F7556}") = "PostAPI", "..\..\..\Downloads\SocialBookWebApp-master\SocialBookWebApp-master\PostAPI\PostAPI.csproj", "{AA25BBE6-C623-4781-BAF8-F9EB447D5F28}"
EndProject
Project("{9A19103F-16F7-4668-BE54-9A1E7A4F7556}") = "PeopleAPI", "..\..\..\Downloads\SocialBookWebApp-master\SocialBookWebApp-master\PeopleAPI\PeopleAPI.csproj", "{2632A42D-53B0-4745-8C67-8FA0FC451944}"
EndProject
Global
	GlobalSection(SolutionConfigurationPlatforms) = preSolution
		Debug|Any CPU = Debug|Any CPU
		Release|Any CPU = Release|Any CPU
	EndGlobalSection
	GlobalSection(ProjectConfigurationPlatforms) = postSolution
		{87A92613-0071-4EE6-B1ED-F5A0EAE9B79F}.Debug|Any CPU.ActiveCfg = Debug|Any CPU
		{87A92613-0071-4EE6-B1ED-F5A0EAE9B79F}.Debug|Any CPU.Build.0 = Debug|Any CPU
		{87A92613-0071-4EE6-B1ED-F5A0EAE9B79F}.Release|Any CPU.ActiveCfg = Release|Any CPU
		{87A92613-0071-4EE6-B1ED-F5A0EAE9B79F}.Release|Any CPU.Build.0 = Release|Any CPU
		{D9E0DE87-9F32-4886-83BB-711F2D0D0C94}.Debug|Any CPU.ActiveCfg = Debug|Any CPU
		{D9E0DE87-9F32-4886-83BB-711F2D0D0C94}.Debug|Any CPU.Build.0 = Debug|Any CPU
		{D9E0DE87-9F32-4886-83BB-711F2D0D0C94}.Release|Any CPU.ActiveCfg = Release|Any CPU
		{D9E0DE87-9F32-4886-83BB-711F2D0D0C94}.Release|Any CPU.Build.0 = Release|Any CPU
		{AA25BBE6-C623-4781-BAF8-F9EB447D5F28}.Debug|Any CPU.ActiveCfg = Debug|Any CPU
		{AA25BBE6-C623-4781-BAF8-F9EB447D5F28}.Debug|Any CPU.Build.0 = Debug|Any CPU
		{AA25BBE6-C623-4781-BAF8-F9EB447D5F28}.Release|Any CPU.ActiveCfg = Release|Any CPU
		{AA25BBE6-C623-4781-BAF8-F9EB447D5F28}.Release|Any CPU.Build.0 = Release|Any CPU
		{2632A42D-53B0-4745-8C67-8FA0FC451944}.Debug|Any CPU.ActiveCfg = Debug|Any CPU
		{2632A42D-53B0-4745-8C67-8FA0FC451944}.Debug|Any CPU.Build.0 = Debug|Any CPU
		{2632A42D-53B0-4745-8C67-8FA0FC451944}.Release|Any CPU.ActiveCfg = Release|Any CPU
		{2632A42D-53B0-4745-8C67-8FA0FC451944}.Release|Any CPU.Build.0 = Release|Any CPU
	EndGlobalSection
	GlobalSection(SolutionProperties) = preSolution
		HideSolutionNode = FALSE
	EndGlobalSection
	GlobalSection(ExtensibilityGlobals) = postSolution
		SolutionGuid = {70D596FC-342C-448F-B12D-C908A805AB49}
	EndGlobalSection
EndGlobal
